
Microsoft Visual Studio Solution File, Format Version 12.00
# Visual Studio Version 16
VisualStudioVersion = 16.0.29613.14
MinimumVisualStudioVersion = 10.0.40219.1
Project("{8BC9CEB8-8B4A-11D0-8D11-00A0C91BC942}") = "L05", "L05\L05.vcxproj", "{3EFDCCEE-6BA7-4C0E-A891-C8BE0A71C678}"
EndProject
Global
	GlobalSection(SolutionConfigurationPlatforms) = preSolution
		Debug|x64 = Debug|x64
		Debug|x86 = Debug|x86
		Release|x64 = Release|x64
		Release|x86 = Release|x86
	EndGlobalSection
	GlobalSection(ProjectConfigurationPlatforms) = postSolution
		{3EFDCCEE-6BA7-4C0E-A891-C8BE0A71C678}.Debug|x64.ActiveCfg = Debug|x64
		{3EFDCCEE-6BA7-4C0E-A891-C8BE0A71C678}.Debug|x64.Build.0 = Debug|x64
		{3EFDCCEE-6BA7-4C0E-A891-C8BE0A71C678}.Debug|x86.ActiveCfg = Debug|Win32
		{3EFDCCEE-6BA7-4C0E-A891-C8BE0A71C678}.Debug|x86.Build.0 = Debug|Win32
		{3EFDCCEE-6BA7-4C0E-A891-C8BE0A71C678}.Release|x64.ActiveCfg = Release|x64
		{3EFDCCEE-6BA7-4C0E-A891-C8BE0A71C678}.Release|x64.Build.0 = Release|x64
		{3EFDCCEE-6BA7-4C0E-A891-C8BE0A71C678}.Release|x86.ActiveCfg = Release|Win32
		{3EFDCCEE-6BA7-4C0E-A891-C8BE0A71C678}.Release|x86.Build.0 = Release|Win32
	EndGlobalSection
	GlobalSection(SolutionProperties) = preSolution
		HideSolutionNode = FALSE
	EndGlobalSection
	GlobalSection(ExtensibilityGlobals) = postSolution
		SolutionGuid = {FCD1DA9E-00D1-4BBD-BC7D-1A8FC3731AA6}
	EndGlobalSection
EndGlobal
